
Microsoft Visual Studio Solution File, Format Version 12.00
# Visual Studio Version 16
VisualStudioVersion = 16.0.29728.190
MinimumVisualStudioVersion = 10.0.40219.1
Project("{9A19103F-16F7-4668-BE54-9A1E7A4F7556}") = "TodoSample.ApplicationCore", "src\TodoSample.ApplicationCore\TodoSample.ApplicationCore.csproj", "{8C4A18FA-F1BE-4036-B8E6-100AAC8DA7A8}"
EndProject
Project("{2150E333-8FDC-42A3-9474-1A3956D46DE8}") = "src", "src", "{93158E73-C270-459F-BFF7-4290C055D4DC}"
EndProject
Project("{9A19103F-16F7-4668-BE54-9A1E7A4F7556}") = "TodoSample.Infrastructure", "src\TodoSample.Infrastructure\TodoSample.Infrastructure.csproj", "{AB370537-98FB-4E88-8CA7-00CDDDA65FD4}"
EndProject
Project("{9A19103F-16F7-4668-BE54-9A1E7A4F7556}") = "TodoSample.WebApi", "src\TodoSample.WebApi\TodoSample.WebApi.csproj", "{5B60397A-4C35-4140-A451-758B3367B5AF}"
EndProject
Project("{2150E333-8FDC-42A3-9474-1A3956D46DE8}") = "Solution Items", "Solution Items", "{01BBFD92-6356-4973-A2D9-A64A443504C6}"
	ProjectSection(SolutionItems) = preProject
		docker-compose.yml = docker-compose.yml
	EndProjectSection
EndProject
Project("{FAE04EC0-301F-11D3-BF4B-00C04F79EFBC}") = "TodoSample.Services", "src\TodoSample.Services\TodoSample.Services.csproj", "{0F059EEC-413B-4E70-9474-ACE069C57C3F}"
EndProject
Project("{2150E333-8FDC-42A3-9474-1A3956D46DE8}") = "test", "test", "{48B40716-8B64-4527-9FE1-B55A834706AC}"
EndProject
Project("{FAE04EC0-301F-11D3-BF4B-00C04F79EFBC}") = "TodoSample.UnitTests", "test\TodoSample.UnitTests\TodoSample.UnitTests.csproj", "{214AA8F4-8137-4A56-BC94-6B9DE30B5082}"
EndProject
Global
	GlobalSection(SolutionConfigurationPlatforms) = preSolution
		Debug|Any CPU = Debug|Any CPU
		Release|Any CPU = Release|Any CPU
	EndGlobalSection
	GlobalSection(ProjectConfigurationPlatforms) = postSolution
		{8C4A18FA-F1BE-4036-B8E6-100AAC8DA7A8}.Debug|Any CPU.ActiveCfg = Debug|Any CPU
		{8C4A18FA-F1BE-4036-B8E6-100AAC8DA7A8}.Debug|Any CPU.Build.0 = Debug|Any CPU
		{8C4A18FA-F1BE-4036-B8E6-100AAC8DA7A8}.Release|Any CPU.ActiveCfg = Release|Any CPU
		{8C4A18FA-F1BE-4036-B8E6-100AAC8DA7A8}.Release|Any CPU.Build.0 = Release|Any CPU
		{AB370537-98FB-4E88-8CA7-00CDDDA65FD4}.Debug|Any CPU.ActiveCfg = Debug|Any CPU
		{AB370537-98FB-4E88-8CA7-00CDDDA65FD4}.Debug|Any CPU.Build.0 = Debug|Any CPU
		{AB370537-98FB-4E88-8CA7-00CDDDA65FD4}.Release|Any CPU.ActiveCfg = Release|Any CPU
		{AB370537-98FB-4E88-8CA7-00CDDDA65FD4}.Release|Any CPU.Build.0 = Release|Any CPU
		{5B60397A-4C35-4140-A451-758B3367B5AF}.Debug|Any CPU.ActiveCfg = Debug|Any CPU
		{5B60397A-4C35-4140-A451-758B3367B5AF}.Debug|Any CPU.Build.0 = Debug|Any CPU
		{5B60397A-4C35-4140-A451-758B3367B5AF}.Release|Any CPU.ActiveCfg = Release|Any CPU
		{5B60397A-4C35-4140-A451-758B3367B5AF}.Release|Any CPU.Build.0 = Release|Any CPU
		{0F059EEC-413B-4E70-9474-ACE069C57C3F}.Debug|Any CPU.ActiveCfg = Debug|Any CPU
		{0F059EEC-413B-4E70-9474-ACE069C57C3F}.Debug|Any CPU.Build.0 = Debug|Any CPU
		{0F059EEC-413B-4E70-9474-ACE069C57C3F}.Release|Any CPU.ActiveCfg = Release|Any CPU
		{0F059EEC-413B-4E70-9474-ACE069C57C3F}.Release|Any CPU.Build.0 = Release|Any CPU
		{214AA8F4-8137-4A56-BC94-6B9DE30B5082}.Debug|Any CPU.ActiveCfg = Debug|Any CPU
		{214AA8F4-8137-4A56-BC94-6B9DE30B5082}.Debug|Any CPU.Build.0 = Debug|Any CPU
		{214AA8F4-8137-4A56-BC94-6B9DE30B5082}.Release|Any CPU.ActiveCfg = Release|Any CPU
		{214AA8F4-8137-4A56-BC94-6B9DE30B5082}.Release|Any CPU.Build.0 = Release|Any CPU
	EndGlobalSection
	GlobalSection(SolutionProperties) = preSolution
		HideSolutionNode = FALSE
	EndGlobalSection
	GlobalSection(NestedProjects) = preSolution
		{8C4A18FA-F1BE-4036-B8E6-100AAC8DA7A8} = {93158E73-C270-459F-BFF7-4290C055D4DC}
		{AB370537-98FB-4E88-8CA7-00CDDDA65FD4} = {93158E73-C270-459F-BFF7-4290C055D4DC}
		{5B60397A-4C35-4140-A451-758B3367B5AF} = {93158E73-C270-459F-BFF7-4290C055D4DC}
		{0F059EEC-413B-4E70-9474-ACE069C57C3F} = {93158E73-C270-459F-BFF7-4290C055D4DC}
		{214AA8F4-8137-4A56-BC94-6B9DE30B5082} = {48B40716-8B64-4527-9FE1-B55A834706AC}
	EndGlobalSection
	GlobalSection(ExtensibilityGlobals) = postSolution
		SolutionGuid = {69589AEA-AF0C-456C-812E-317885508BC0}
	EndGlobalSection
EndGlobal
